
Microsoft Visual Studio Solution File, Format Version 12.00
# Visual Studio Version 16
VisualStudioVersion = 16.0.31424.327
MinimumVisualStudioVersion = 10.0.40219.1
Project("{FAE04EC0-301F-11D3-BF4B-00C04F79EFBC}") = "OOP-HW2", "OOP-HW2\OOP-HW2.csproj", "{CCB4CD9A-4192-4084-A118-F5072B7B905E}"
EndProject
Global
	GlobalSection(SolutionConfigurationPlatforms) = preSolution
		Debug|Any CPU = Debug|Any CPU
		Release|Any CPU = Release|Any CPU
	EndGlobalSection
	GlobalSection(ProjectConfigurationPlatforms) = postSolution
		{CCB4CD9A-4192-4084-A118-F5072B7B905E}.Debug|Any CPU.ActiveCfg = Debug|Any CPU
		{CCB4CD9A-4192-4084-A118-F5072B7B905E}.Debug|Any CPU.Build.0 = Debug|Any CPU
		{CCB4CD9A-4192-4084-A118-F5072B7B905E}.Release|Any CPU.ActiveCfg = Release|Any CPU
		{CCB4CD9A-4192-4084-A118-F5072B7B905E}.Release|Any CPU.Build.0 = Release|Any CPU
	EndGlobalSection
	GlobalSection(SolutionProperties) = preSolution
		HideSolutionNode = FALSE
	EndGlobalSection
	GlobalSection(ExtensibilityGlobals) = postSolution
		SolutionGuid = {2DA8FC69-AC37-409F-9CEF-F7B05B57E511}
	EndGlobalSection
EndGlobal
